
Microsoft Visual Studio Solution File, Format Version 12.00
# Visual Studio 15
VisualStudioVersion = 15.0.27703.2035
MinimumVisualStudioVersion = 10.0.40219.1
Project("{FAE04EC0-301F-11D3-BF4B-00C04F79EFBC}") = "Listener", "Listener\Listener.csproj", "{DA0C556E-7F6A-4CEC-8F8B-6E1D2E3AD029}"
EndProject
Project("{FAE04EC0-301F-11D3-BF4B-00C04F79EFBC}") = "Configuration", "Configuration\Configuration.csproj", "{1FA33267-4908-4FFE-AC65-B7AF8B9BF7BA}"
EndProject
Project("{FAE04EC0-301F-11D3-BF4B-00C04F79EFBC}") = "PacsInterface", "PacsInterface2\PacsInterface.csproj", "{2AE902C1-CB92-4383-9DB6-A633C59CFBE4}"
EndProject
Project("{FAE04EC0-301F-11D3-BF4B-00C04F79EFBC}") = "GUI", "GUI2\GUI.csproj", "{6C4C1F8A-F6F7-4F01-A73B-9B02CBF61D4F}"
EndProject
Global
	GlobalSection(SolutionConfigurationPlatforms) = preSolution
		Debug|Any CPU = Debug|Any CPU
		Release|Any CPU = Release|Any CPU
	EndGlobalSection
	GlobalSection(ProjectConfigurationPlatforms) = postSolution
		{DA0C556E-7F6A-4CEC-8F8B-6E1D2E3AD029}.Debug|Any CPU.ActiveCfg = Debug|Any CPU
		{DA0C556E-7F6A-4CEC-8F8B-6E1D2E3AD029}.Debug|Any CPU.Build.0 = Debug|Any CPU
		{DA0C556E-7F6A-4CEC-8F8B-6E1D2E3AD029}.Release|Any CPU.ActiveCfg = Release|Any CPU
		{DA0C556E-7F6A-4CEC-8F8B-6E1D2E3AD029}.Release|Any CPU.Build.0 = Release|Any CPU
		{1FA33267-4908-4FFE-AC65-B7AF8B9BF7BA}.Debug|Any CPU.ActiveCfg = Debug|Any CPU
		{1FA33267-4908-4FFE-AC65-B7AF8B9BF7BA}.Debug|Any CPU.Build.0 = Debug|Any CPU
		{1FA33267-4908-4FFE-AC65-B7AF8B9BF7BA}.Release|Any CPU.ActiveCfg = Release|Any CPU
		{1FA33267-4908-4FFE-AC65-B7AF8B9BF7BA}.Release|Any CPU.Build.0 = Release|Any CPU
		{2AE902C1-CB92-4383-9DB6-A633C59CFBE4}.Debug|Any CPU.ActiveCfg = Debug|Any CPU
		{2AE902C1-CB92-4383-9DB6-A633C59CFBE4}.Debug|Any CPU.Build.0 = Debug|Any CPU
		{2AE902C1-CB92-4383-9DB6-A633C59CFBE4}.Release|Any CPU.ActiveCfg = Release|Any CPU
		{2AE902C1-CB92-4383-9DB6-A633C59CFBE4}.Release|Any CPU.Build.0 = Release|Any CPU
		{6C4C1F8A-F6F7-4F01-A73B-9B02CBF61D4F}.Debug|Any CPU.ActiveCfg = Debug|Any CPU
		{6C4C1F8A-F6F7-4F01-A73B-9B02CBF61D4F}.Debug|Any CPU.Build.0 = Debug|Any CPU
		{6C4C1F8A-F6F7-4F01-A73B-9B02CBF61D4F}.Release|Any CPU.ActiveCfg = Release|Any CPU
		{6C4C1F8A-F6F7-4F01-A73B-9B02CBF61D4F}.Release|Any CPU.Build.0 = Release|Any CPU
	EndGlobalSection
	GlobalSection(SolutionProperties) = preSolution
		HideSolutionNode = FALSE
	EndGlobalSection
	GlobalSection(ExtensibilityGlobals) = postSolution
		SolutionGuid = {26593E00-3F89-4607-9003-47492A8441EF}
	EndGlobalSection
EndGlobal
